
Microsoft Visual Studio Solution File, Format Version 12.00
# Visual Studio 15
VisualStudioVersion = 15.0.26730.10
MinimumVisualStudioVersion = 10.0.40219.1
Project("{9092AA53-FB77-4645-B42D-1CCCA6BD08BD}") = "HtechLab", "HtechLab.njsproj", "{360A2013-C8D7-4C1D-B193-2579136EE108}"
EndProject
Global
	GlobalSection(SolutionConfigurationPlatforms) = preSolution
		Debug|Any CPU = Debug|Any CPU
		Release|Any CPU = Release|Any CPU
	EndGlobalSection
	GlobalSection(ProjectConfigurationPlatforms) = postSolution
		{360A2013-C8D7-4C1D-B193-2579136EE108}.Debug|Any CPU.ActiveCfg = Debug|Any CPU
		{360A2013-C8D7-4C1D-B193-2579136EE108}.Debug|Any CPU.Build.0 = Debug|Any CPU
		{360A2013-C8D7-4C1D-B193-2579136EE108}.Release|Any CPU.ActiveCfg = Release|Any CPU
		{360A2013-C8D7-4C1D-B193-2579136EE108}.Release|Any CPU.Build.0 = Release|Any CPU
	EndGlobalSection
	GlobalSection(SolutionProperties) = preSolution
		HideSolutionNode = FALSE
	EndGlobalSection
	GlobalSection(ExtensibilityGlobals) = postSolution
		SolutionGuid = {B1D4C387-1061-46D8-9315-328BB0561BD8}
	EndGlobalSection
EndGlobal
